
Microsoft Visual Studio Solution File, Format Version 12.00
# Visual Studio Version 17
VisualStudioVersion = 17.14.36811.4 d17.14
MinimumVisualStudioVersion = 10.0.40219.1
Project("{FAE04EC0-301F-11D3-BF4B-00C04F79EFBC}") = "Dijkstra", "Dijkstra\Dijkstra.csproj", "{14EA1A75-8A1A-4342-90DB-CF5EB1A2B01C}"
EndProject
Global
	GlobalSection(SolutionConfigurationPlatforms) = preSolution
		Debug|Any CPU = Debug|Any CPU
		Release|Any CPU = Release|Any CPU
	EndGlobalSection
	GlobalSection(ProjectConfigurationPlatforms) = postSolution
		{14EA1A75-8A1A-4342-90DB-CF5EB1A2B01C}.Debug|Any CPU.ActiveCfg = Debug|Any CPU
		{14EA1A75-8A1A-4342-90DB-CF5EB1A2B01C}.Debug|Any CPU.Build.0 = Debug|Any CPU
		{14EA1A75-8A1A-4342-90DB-CF5EB1A2B01C}.Release|Any CPU.ActiveCfg = Release|Any CPU
		{14EA1A75-8A1A-4342-90DB-CF5EB1A2B01C}.Release|Any CPU.Build.0 = Release|Any CPU
	EndGlobalSection
	GlobalSection(SolutionProperties) = preSolution
		HideSolutionNode = FALSE
	EndGlobalSection
	GlobalSection(ExtensibilityGlobals) = postSolution
		SolutionGuid = {B3DF7E0F-93FA-45A0-8063-E90A2F81CEE1}
	EndGlobalSection
EndGlobal
