
Microsoft Visual Studio Solution File, Format Version 12.00
# Visual Studio Version 18
VisualStudioVersion = 18.1.11304.174 d18.0
MinimumVisualStudioVersion = 10.0.40219.1
Project("{FAE04EC0-301F-11D3-BF4B-00C04F79EFBC}") = "MusicPlaylist", "MusicPlaylist.csproj", "{648A3A14-6750-2B93-A4F7-53663B8B7A82}"
EndProject
Global
	GlobalSection(SolutionConfigurationPlatforms) = preSolution
		Debug|Any CPU = Debug|Any CPU
		Release|Any CPU = Release|Any CPU
	EndGlobalSection
	GlobalSection(ProjectConfigurationPlatforms) = postSolution
		{648A3A14-6750-2B93-A4F7-53663B8B7A82}.Debug|Any CPU.ActiveCfg = Debug|Any CPU
		{648A3A14-6750-2B93-A4F7-53663B8B7A82}.Debug|Any CPU.Build.0 = Debug|Any CPU
		{648A3A14-6750-2B93-A4F7-53663B8B7A82}.Release|Any CPU.ActiveCfg = Release|Any CPU
		{648A3A14-6750-2B93-A4F7-53663B8B7A82}.Release|Any CPU.Build.0 = Release|Any CPU
	EndGlobalSection
	GlobalSection(SolutionProperties) = preSolution
		HideSolutionNode = FALSE
	EndGlobalSection
	GlobalSection(ExtensibilityGlobals) = postSolution
		SolutionGuid = {3104C4B3-E32B-406F-9867-539225FFB7A5}
	EndGlobalSection
EndGlobal
